
Microsoft Visual Studio Solution File, Format Version 12.00
Project("{FAE04EC0-301F-11D3-BF4B-00C04F79EFBC}") = "GetPageObject-method", "GetPageObject-method.csproj", "{F25CEF95-4931-494E-BAF6-F74AA6073D06}"
EndProject
Global
	GlobalSection(SolutionConfigurationPlatforms) = preSolution
		Debug|Any CPU = Debug|Any CPU
		Release|Any CPU = Release|Any CPU
	EndGlobalSection
	GlobalSection(ProjectConfigurationPlatforms) = postSolution
		{F25CEF95-4931-494E-BAF6-F74AA6073D06}.Debug|Any CPU.ActiveCfg = Debug|Any CPU
		{F25CEF95-4931-494E-BAF6-F74AA6073D06}.Debug|Any CPU.Build.0 = Debug|Any CPU
		{F25CEF95-4931-494E-BAF6-F74AA6073D06}.Release|Any CPU.ActiveCfg = Release|Any CPU
		{F25CEF95-4931-494E-BAF6-F74AA6073D06}.Release|Any CPU.Build.0 = Release|Any CPU
	EndGlobalSection
EndGlobal
