
Microsoft Visual Studio Solution File, Format Version 12.00
Project("{FAE04EC0-301F-11D3-BF4B-00C04F79EFBC}") = "InitElements-in-each-page-method", "InitElements-in-each-page-method.csproj", "{D17B723C-73DA-4290-852E-5C78B6128E03}"
EndProject
Global
	GlobalSection(SolutionConfigurationPlatforms) = preSolution
		Debug|Any CPU = Debug|Any CPU
		Release|Any CPU = Release|Any CPU
	EndGlobalSection
	GlobalSection(ProjectConfigurationPlatforms) = postSolution
		{D17B723C-73DA-4290-852E-5C78B6128E03}.Debug|Any CPU.ActiveCfg = Debug|Any CPU
		{D17B723C-73DA-4290-852E-5C78B6128E03}.Debug|Any CPU.Build.0 = Debug|Any CPU
		{D17B723C-73DA-4290-852E-5C78B6128E03}.Release|Any CPU.ActiveCfg = Release|Any CPU
		{D17B723C-73DA-4290-852E-5C78B6128E03}.Release|Any CPU.Build.0 = Release|Any CPU
	EndGlobalSection
EndGlobal
